// !$*UTF8*$!
{
	archiveVersion = 1;
	classes = {
	};
	objectVersion = 46;
	objects = {

/* Begin PBXBuildFile section */
		1D60589F0D05DD5A006BFB54 /* Foundation.framework in Frameworks */ = {isa = PBXBuildFile; fileRef = 1D30AB110D05D00D00671497 /* Foundation.framework */; };
		1DF5F4E00D08C38300B7A737 /* UIKit.framework in Frameworks */ = {isa = PBXBuildFile; fileRef = 1DF5F4DF0D08C38300B7A737 /* UIKit.framework */; };
		288765A50DF7441C002DB57D /* CoreGraphics.framework in Frameworks */ = {isa = PBXBuildFile; fileRef = 288765A40DF7441C002DB57D /* CoreGraphics.framework */; };
		BF171245129291EC00B8313A /* OpenGLES.framework in Frameworks */ = {isa = PBXBuildFile; fileRef = BF170DB012928DE900B8313A /* OpenGLES.framework */; };
		BF1712471292920000B8313A /* libz.dylib in Frameworks */ = {isa = PBXBuildFile; fileRef = BF170DB412928DE900B8313A /* libz.dylib */; };
		BF1C47F01293687400B63C5D /* QuartzCore.framework in Frameworks */ = {isa = PBXBuildFile; fileRef = BF1C47EA1293683800B63C5D /* QuartzCore.framework */; };
		D3C791F81ACEDB5100C57CE8 /* CloseNormal.png in Resources */ = {isa = PBXBuildFile; fileRef = D3C791F01ACEDB5100C57CE8 /* CloseNormal.png */; };
		D3C791F91ACEDB5100C57CE8 /* CloseSelected.png in Resources */ = {isa = PBXBuildFile; fileRef = D3C791F11ACEDB5100C57CE8 /* CloseSelected.png */; };
		D3C791FA1ACEDB5100C57CE8 /* arial.ttf in Resources */ = {isa = PBXBuildFile; fileRef = D3C791F31ACEDB5100C57CE8 /* arial.ttf */; };
		D3C791FB1ACEDB5100C57CE8 /* Marker Felt.ttf in Resources */ = {isa = PBXBuildFile; fileRef = D3C791F41ACEDB5100C57CE8 /* Marker Felt.ttf */; };
		D3C791FC1ACEDB5100C57CE8 /* HelloWorld.png in Resources */ = {isa = PBXBuildFile; fileRef = D3C791F51ACEDB5100C57CE8 /* HelloWorld.png */; };
		D3D2F4691ACF3159008CE3F6 /* libcocos2d.a in Frameworks */ = {isa = PBXBuildFile; fileRef = D3D2F4681ACF3159008CE3F6 /* libcocos2d.a */; };
		D3D2F46B1ACF4025008CE3F6 /* CoreMotion.framework in Frameworks */ = {isa = PBXBuildFile; fileRef = D3D2F46A1ACF4025008CE3F6 /* CoreMotion.framework */; };
		D3D2F47A1ACF4099008CE3F6 /* MoSDK.framework in Frameworks */ = {isa = PBXBuildFile; fileRef = D3D2F4791ACF4099008CE3F6 /* MoSDK.framework */; };
		D3D2F4861ACF40B1008CE3F6 /* __vungle.db in Resources */ = {isa = PBXBuildFile; fileRef = D3D2F47C1ACF40B1008CE3F6 /* __vungle.db */; };
		D3D2F4871ACF40B1008CE3F6 /* AppliftAds.nib in Resources */ = {isa = PBXBuildFile; fileRef = D3D2F47D1ACF40B1008CE3F6 /* AppliftAds.nib */; };
		D3D2F4881ACF40B1008CE3F6 /* AppliftAds_template.html in Resources */ = {isa = PBXBuildFile; fileRef = D3D2F47E1ACF40B1008CE3F6 /* AppliftAds_template.html */; };
		D3D2F4891ACF40B1008CE3F6 /* MoSDKResource.plist in Resources */ = {isa = PBXBuildFile; fileRef = D3D2F47F1ACF40B1008CE3F6 /* MoSDKResource.plist */; };
		D3D2F48A1ACF40B1008CE3F6 /* PlayAds.bundle in Resources */ = {isa = PBXBuildFile; fileRef = D3D2F4801ACF40B1008CE3F6 /* PlayAds.bundle */; };
		D3D2F48B1ACF40B1008CE3F6 /* vg_close.png in Resources */ = {isa = PBXBuildFile; fileRef = D3D2F4811ACF40B1008CE3F6 /* vg_close.png */; };
		D3D2F48C1ACF40B1008CE3F6 /* vg_cta.png in Resources */ = {isa = PBXBuildFile; fileRef = D3D2F4821ACF40B1008CE3F6 /* vg_cta.png */; };
		D3D2F48D1ACF40B1008CE3F6 /* vg_mute_off.png in Resources */ = {isa = PBXBuildFile; fileRef = D3D2F4831ACF40B1008CE3F6 /* vg_mute_off.png */; };
		D3D2F48E1ACF40B1008CE3F6 /* vg_mute_on.png in Resources */ = {isa = PBXBuildFile; fileRef = D3D2F4841ACF40B1008CE3F6 /* vg_mute_on.png */; };
		D3D2F48F1ACF40B1008CE3F6 /* vg_timer.png in Resources */ = {isa = PBXBuildFile; fileRef = D3D2F4851ACF40B1008CE3F6 /* vg_timer.png */; };
		D3D2F4B41ACF6120008CE3F6 /* AppController.mm in Sources */ = {isa = PBXBuildFile; fileRef = D3D2F4A91ACF6120008CE3F6 /* AppController.mm */; };
		D3D2F4B51ACF6120008CE3F6 /* AppDelegate.cpp in Sources */ = {isa = PBXBuildFile; fileRef = D3D2F4AA1ACF6120008CE3F6 /* AppDelegate.cpp */; };
		D3D2F4B61ACF6120008CE3F6 /* HelloWorldScene.cpp in Sources */ = {isa = PBXBuildFile; fileRef = D3D2F4AC1ACF6120008CE3F6 /* HelloWorldScene.cpp */; };
		D3D2F4B71ACF6120008CE3F6 /* main.m in Sources */ = {isa = PBXBuildFile; fileRef = D3D2F4AE1ACF6120008CE3F6 /* main.m */; };
		D3D2F4B81ACF6120008CE3F6 /* MoSDKAdaptor.mm in Sources */ = {isa = PBXBuildFile; fileRef = D3D2F4B01ACF6120008CE3F6 /* MoSDKAdaptor.mm */; };
		D3D2F4B91ACF6120008CE3F6 /* RootViewController.mm in Sources */ = {isa = PBXBuildFile; fileRef = D3D2F4B31ACF6120008CE3F6 /* RootViewController.mm */; };
		D3D2F4BB1ACF61A4008CE3F6 /* Default-568h@2x.png in Resources */ = {isa = PBXBuildFile; fileRef = D3D2F4BA1ACF61A4008CE3F6 /* Default-568h@2x.png */; };
		D3D2F4BD1ACF6597008CE3F6 /* MediaPlayer.framework in Frameworks */ = {isa = PBXBuildFile; fileRef = D3D2F4BC1ACF6597008CE3F6 /* MediaPlayer.framework */; };
		D3D2F4BF1ACF65CA008CE3F6 /* SystemConfiguration.framework in Frameworks */ = {isa = PBXBuildFile; fileRef = D3D2F4BE1ACF65CA008CE3F6 /* SystemConfiguration.framework */; };
		D3D2F4C11ACF65E8008CE3F6 /* libsqlite3.dylib in Frameworks */ = {isa = PBXBuildFile; fileRef = D3D2F4C01ACF65E8008CE3F6 /* libsqlite3.dylib */; };
		D3D2F4C31ACF66F1008CE3F6 /* CFNetwork.framework in Frameworks */ = {isa = PBXBuildFile; fileRef = D3D2F4C21ACF66F1008CE3F6 /* CFNetwork.framework */; };
		D3D2F4C71ACF6794008CE3F6 /* StoreKit.framework in Frameworks */ = {isa = PBXBuildFile; fileRef = D3D2F4C61ACF6794008CE3F6 /* StoreKit.framework */; };
		D3D2F4C91ACF67BD008CE3F6 /* MessageUI.framework in Frameworks */ = {isa = PBXBuildFile; fileRef = D3D2F4C81ACF67BD008CE3F6 /* MessageUI.framework */; };
		D3D2F4CA1ACF681F008CE3F6 /* Security.framework in Frameworks */ = {isa = PBXBuildFile; fileRef = 8262943D1AAF051F00CB7CF7 /* Security.framework */; };
		D3D2F4CC1ACF6853008CE3F6 /* CoreMedia.framework in Frameworks */ = {isa = PBXBuildFile; fileRef = D3D2F4CB1ACF6853008CE3F6 /* CoreMedia.framework */; };
		D3D2F4CE1ACF6872008CE3F6 /* AdSupport.framework in Frameworks */ = {isa = PBXBuildFile; fileRef = D3D2F4CD1ACF6872008CE3F6 /* AdSupport.framework */; };
		D3D2F4DA1ACF774E008CE3F6 /* GameController.framework in Frameworks */ = {isa = PBXBuildFile; fileRef = D3D2F4D91ACF774E008CE3F6 /* GameController.framework */; };
		D44C620C132DFF330009C878 /* OpenAL.framework in Frameworks */ = {isa = PBXBuildFile; fileRef = D44C620B132DFF330009C878 /* OpenAL.framework */; };
		D44C620E132DFF430009C878 /* AVFoundation.framework in Frameworks */ = {isa = PBXBuildFile; fileRef = D44C620D132DFF430009C878 /* AVFoundation.framework */; };
		D44C6210132DFF4E0009C878 /* AudioToolbox.framework in Frameworks */ = {isa = PBXBuildFile; fileRef = D44C620F132DFF4E0009C878 /* AudioToolbox.framework */; };
/* End PBXBuildFile section */

/* Begin PBXFileReference section */
		1D30AB110D05D00D00671497 /* Foundation.framework */ = {isa = PBXFileReference; lastKnownFileType = wrapper.framework; name = Foundation.framework; path = System/Library/Frameworks/Foundation.framework; sourceTree = SDKROOT; };
		1D6058910D05DD3D006BFB54 /* Sample IOS.app */ = {isa = PBXFileReference; explicitFileType = wrapper.application; includeInIndex = 0; path = "Sample IOS.app"; sourceTree = BUILT_PRODUCTS_DIR; };
		1DF5F4DF0D08C38300B7A737 /* UIKit.framework */ = {isa = PBXFileReference; lastKnownFileType = wrapper.framework; name = UIKit.framework; path = System/Library/Frameworks/UIKit.framework; sourceTree = SDKROOT; };
		288765A40DF7441C002DB57D /* CoreGraphics.framework */ = {isa = PBXFileReference; lastKnownFileType = wrapper.framework; name = CoreGraphics.framework; path = System/Library/Frameworks/CoreGraphics.framework; sourceTree = SDKROOT; };
		503AE11A17EB9C5A00D1A890 /* IOKit.framework */ = {isa = PBXFileReference; lastKnownFileType = wrapper.framework; name = IOKit.framework; path = System/Library/Frameworks/IOKit.framework; sourceTree = SDKROOT; };
		8262943D1AAF051F00CB7CF7 /* Security.framework */ = {isa = PBXFileReference; lastKnownFileType = wrapper.framework; name = Security.framework; path = System/Library/Frameworks/Security.framework; sourceTree = SDKROOT; };
		BF170DB012928DE900B8313A /* OpenGLES.framework */ = {isa = PBXFileReference; lastKnownFileType = wrapper.framework; name = OpenGLES.framework; path = System/Library/Frameworks/OpenGLES.framework; sourceTree = SDKROOT; };
		BF170DB412928DE900B8313A /* libz.dylib */ = {isa = PBXFileReference; lastKnownFileType = "compiled.mach-o.dylib"; name = libz.dylib; path = usr/lib/libz.dylib; sourceTree = SDKROOT; };
		BF1C47EA1293683800B63C5D /* QuartzCore.framework */ = {isa = PBXFileReference; lastKnownFileType = wrapper.framework; name = QuartzCore.framework; path = System/Library/Frameworks/QuartzCore.framework; sourceTree = SDKROOT; };
		D3C791F01ACEDB5100C57CE8 /* CloseNormal.png */ = {isa = PBXFileReference; lastKnownFileType = image.png; name = CloseNormal.png; path = Resources/CloseNormal.png; sourceTree = SOURCE_ROOT; };
		D3C791F11ACEDB5100C57CE8 /* CloseSelected.png */ = {isa = PBXFileReference; lastKnownFileType = image.png; name = CloseSelected.png; path = Resources/CloseSelected.png; sourceTree = SOURCE_ROOT; };
		D3C791F31ACEDB5100C57CE8 /* arial.ttf */ = {isa = PBXFileReference; lastKnownFileType = file; path = arial.ttf; sourceTree = "<group>"; };
		D3C791F41ACEDB5100C57CE8 /* Marker Felt.ttf */ = {isa = PBXFileReference; lastKnownFileType = file; path = "Marker Felt.ttf"; sourceTree = "<group>"; };
		D3C791F51ACEDB5100C57CE8 /* HelloWorld.png */ = {isa = PBXFileReference; lastKnownFileType = image.png; name = HelloWorld.png; path = Resources/HelloWorld.png; sourceTree = SOURCE_ROOT; };
		D3D2F4681ACF3159008CE3F6 /* libcocos2d.a */ = {isa = PBXFileReference; lastKnownFileType = archive.ar; name = libcocos2d.a; path = libcocos/libcocos2d.a; sourceTree = "<group>"; };
		D3D2F46A1ACF4025008CE3F6 /* CoreMotion.framework */ = {isa = PBXFileReference; lastKnownFileType = wrapper.framework; name = CoreMotion.framework; path = System/Library/Frameworks/CoreMotion.framework; sourceTree = SDKROOT; };
		D3D2F4791ACF4099008CE3F6 /* MoSDK.framework */ = {isa = PBXFileReference; lastKnownFileType = wrapper.framework; name = MoSDK.framework; path = MoSDK.EmbeddedFramework/MoSDK.framework; sourceTree = "<group>"; };
		D3D2F47C1ACF40B1008CE3F6 /* __vungle.db */ = {isa = PBXFileReference; lastKnownFileType = file; path = __vungle.db; sourceTree = "<group>"; };
		D3D2F47D1ACF40B1008CE3F6 /* AppliftAds.nib */ = {isa = PBXFileReference; lastKnownFileType = wrapper.nib; path = AppliftAds.nib; sourceTree = "<group>"; };
		D3D2F47E1ACF40B1008CE3F6 /* AppliftAds_template.html */ = {isa = PBXFileReference; fileEncoding = 4; lastKnownFileType = text.html; path = AppliftAds_template.html; sourceTree = "<group>"; };
		D3D2F47F1ACF40B1008CE3F6 /* MoSDKResource.plist */ = {isa = PBXFileReference; fileEncoding = 4; lastKnownFileType = text.plist.xml; path = MoSDKResource.plist; sourceTree = "<group>"; };
		D3D2F4801ACF40B1008CE3F6 /* PlayAds.bundle */ = {isa = PBXFileReference; lastKnownFileType = "wrapper.plug-in"; path = PlayAds.bundle; sourceTree = "<group>"; };
		D3D2F4811ACF40B1008CE3F6 /* vg_close.png */ = {isa = PBXFileReference; lastKnownFileType = image.png; path = vg_close.png; sourceTree = "<group>"; };
		D3D2F4821ACF40B1008CE3F6 /* vg_cta.png */ = {isa = PBXFileReference; lastKnownFileType = image.png; path = vg_cta.png; sourceTree = "<group>"; };
		D3D2F4831ACF40B1008CE3F6 /* vg_mute_off.png */ = {isa = PBXFileReference; lastKnownFileType = image.png; path = vg_mute_off.png; sourceTree = "<group>"; };
		D3D2F4841ACF40B1008CE3F6 /* vg_mute_on.png */ = {isa = PBXFileReference; lastKnownFileType = image.png; path = vg_mute_on.png; sourceTree = "<group>"; };
		D3D2F4851ACF40B1008CE3F6 /* vg_timer.png */ = {isa = PBXFileReference; lastKnownFileType = image.png; path = vg_timer.png; sourceTree = "<group>"; };
		D3D2F4A81ACF6120008CE3F6 /* AppController.h */ = {isa = PBXFileReference; fileEncoding = 4; lastKnownFileType = sourcecode.c.h; name = AppController.h; path = ../../Samples/cocos2dx_ios/sample/AppController.h; sourceTree = "<group>"; };
		D3D2F4A91ACF6120008CE3F6 /* AppController.mm */ = {isa = PBXFileReference; fileEncoding = 4; lastKnownFileType = sourcecode.cpp.objcpp; name = AppController.mm; path = ../../Samples/cocos2dx_ios/sample/AppController.mm; sourceTree = "<group>"; };
		D3D2F4AA1ACF6120008CE3F6 /* AppDelegate.cpp */ = {isa = PBXFileReference; fileEncoding = 4; lastKnownFileType = sourcecode.cpp.cpp; name = AppDelegate.cpp; path = ../../Samples/cocos2dx_ios/sample/AppDelegate.cpp; sourceTree = "<group>"; };
		D3D2F4AB1ACF6120008CE3F6 /* AppDelegate.h */ = {isa = PBXFileReference; fileEncoding = 4; lastKnownFileType = sourcecode.c.h; name = AppDelegate.h; path = ../../Samples/cocos2dx_ios/sample/AppDelegate.h; sourceTree = "<group>"; };
		D3D2F4AC1ACF6120008CE3F6 /* HelloWorldScene.cpp */ = {isa = PBXFileReference; fileEncoding = 4; lastKnownFileType = sourcecode.cpp.cpp; name = HelloWorldScene.cpp; path = ../../Samples/cocos2dx_ios/sample/HelloWorldScene.cpp; sourceTree = "<group>"; };
		D3D2F4AD1ACF6120008CE3F6 /* HelloWorldScene.h */ = {isa = PBXFileReference; fileEncoding = 4; lastKnownFileType = sourcecode.c.h; name = HelloWorldScene.h; path = ../../Samples/cocos2dx_ios/sample/HelloWorldScene.h; sourceTree = "<group>"; };
		D3D2F4AE1ACF6120008CE3F6 /* main.m */ = {isa = PBXFileReference; fileEncoding = 4; lastKnownFileType = sourcecode.c.objc; name = main.m; path = ../../Samples/cocos2dx_ios/sample/main.m; sourceTree = "<group>"; };
		D3D2F4AF1ACF6120008CE3F6 /* MoSDKAdaptor.h */ = {isa = PBXFileReference; fileEncoding = 4; lastKnownFileType = sourcecode.c.h; name = MoSDKAdaptor.h; path = ../../Samples/cocos2dx_ios/sample/MoSDKAdaptor.h; sourceTree = "<group>"; };
		D3D2F4B01ACF6120008CE3F6 /* MoSDKAdaptor.mm */ = {isa = PBXFileReference; fileEncoding = 4; lastKnownFileType = sourcecode.cpp.objcpp; name = MoSDKAdaptor.mm; path = ../../Samples/cocos2dx_ios/sample/MoSDKAdaptor.mm; sourceTree = "<group>"; };
		D3D2F4B11ACF6120008CE3F6 /* Prefix.pch */ = {isa = PBXFileReference; fileEncoding = 4; lastKnownFileType = sourcecode.c.h; name = Prefix.pch; path = ../../Samples/cocos2dx_ios/sample/Prefix.pch; sourceTree = "<group>"; };
		D3D2F4B21ACF6120008CE3F6 /* RootViewController.h */ = {isa = PBXFileReference; fileEncoding = 4; lastKnownFileType = sourcecode.c.h; name = RootViewController.h; path = ../../Samples/cocos2dx_ios/sample/RootViewController.h; sourceTree = "<group>"; };
		D3D2F4B31ACF6120008CE3F6 /* RootViewController.mm */ = {isa = PBXFileReference; fileEncoding = 4; lastKnownFileType = sourcecode.cpp.objcpp; name = RootViewController.mm; path = ../../Samples/cocos2dx_ios/sample/RootViewController.mm; sourceTree = "<group>"; };
		D3D2F4BA1ACF61A4008CE3F6 /* Default-568h@2x.png */ = {isa = PBXFileReference; lastKnownFileType = image.png; name = "Default-568h@2x.png"; path = "../cocos2dx_ios/Default-568h@2x.png"; sourceTree = "<group>"; };
		D3D2F4BC1ACF6597008CE3F6 /* MediaPlayer.framework */ = {isa = PBXFileReference; lastKnownFileType = wrapper.framework; name = MediaPlayer.framework; path = System/Library/Frameworks/MediaPlayer.framework; sourceTree = SDKROOT; };
		D3D2F4BE1ACF65CA008CE3F6 /* SystemConfiguration.framework */ = {isa = PBXFileReference; lastKnownFileType = wrapper.framework; name = SystemConfiguration.framework; path = System/Library/Frameworks/SystemConfiguration.framework; sourceTree = SDKROOT; };
		D3D2F4C01ACF65E8008CE3F6 /* libsqlite3.dylib */ = {isa = PBXFileReference; lastKnownFileType = "compiled.mach-o.dylib"; name = libsqlite3.dylib; path = usr/lib/libsqlite3.dylib; sourceTree = SDKROOT; };
		D3D2F4C21ACF66F1008CE3F6 /* CFNetwork.framework */ = {isa = PBXFileReference; lastKnownFileType = wrapper.framework; name = CFNetwork.framework; path = System/Library/Frameworks/CFNetwork.framework; sourceTree = SDKROOT; };
		D3D2F4C41ACF6729008CE3F6 /* CoreFoundation.framework */ = {isa = PBXFileReference; lastKnownFileType = wrapper.framework; name = CoreFoundation.framework; path = System/Library/Frameworks/CoreFoundation.framework; sourceTree = SDKROOT; };
		D3D2F4C61ACF6794008CE3F6 /* StoreKit.framework */ = {isa = PBXFileReference; lastKnownFileType = wrapper.framework; name = StoreKit.framework; path = System/Library/Frameworks/StoreKit.framework; sourceTree = SDKROOT; };
		D3D2F4C81ACF67BD008CE3F6 /* MessageUI.framework */ = {isa = PBXFileReference; lastKnownFileType = wrapper.framework; name = MessageUI.framework; path = System/Library/Frameworks/MessageUI.framework; sourceTree = SDKROOT; };
		D3D2F4CB1ACF6853008CE3F6 /* CoreMedia.framework */ = {isa = PBXFileReference; lastKnownFileType = wrapper.framework; name = CoreMedia.framework; path = System/Library/Frameworks/CoreMedia.framework; sourceTree = SDKROOT; };
		D3D2F4CD1ACF6872008CE3F6 /* AdSupport.framework */ = {isa = PBXFileReference; lastKnownFileType = wrapper.framework; name = AdSupport.framework; path = System/Library/Frameworks/AdSupport.framework; sourceTree = SDKROOT; };
		D3D2F4D91ACF774E008CE3F6 /* GameController.framework */ = {isa = PBXFileReference; lastKnownFileType = wrapper.framework; name = GameController.framework; path = System/Library/Frameworks/GameController.framework; sourceTree = SDKROOT; };
		D44C620B132DFF330009C878 /* OpenAL.framework */ = {isa = PBXFileReference; lastKnownFileType = wrapper.framework; name = OpenAL.framework; path = System/Library/Frameworks/OpenAL.framework; sourceTree = SDKROOT; };
		D44C620D132DFF430009C878 /* AVFoundation.framework */ = {isa = PBXFileReference; lastKnownFileType = wrapper.framework; name = AVFoundation.framework; path = System/Library/Frameworks/AVFoundation.framework; sourceTree = SDKROOT; };
		D44C620F132DFF4E0009C878 /* AudioToolbox.framework */ = {isa = PBXFileReference; lastKnownFileType = wrapper.framework; name = AudioToolbox.framework; path = System/Library/Frameworks/AudioToolbox.framework; sourceTree = SDKROOT; };
/* End PBXFileReference section */

/* Begin PBXFrameworksBuildPhase section */
		1D60588F0D05DD3D006BFB54 /* Frameworks */ = {
			isa = PBXFrameworksBuildPhase;
			buildActionMask = 2147483647;
			files = (
				D3D2F4DA1ACF774E008CE3F6 /* GameController.framework in Frameworks */,
				D3D2F4CE1ACF6872008CE3F6 /* AdSupport.framework in Frameworks */,
				D44C620E132DFF430009C878 /* AVFoundation.framework in Frameworks */,
				D44C6210132DFF4E0009C878 /* AudioToolbox.framework in Frameworks */,
				D3D2F4C31ACF66F1008CE3F6 /* CFNetwork.framework in Frameworks */,
				288765A50DF7441C002DB57D /* CoreGraphics.framework in Frameworks */,
				D3D2F4CC1ACF6853008CE3F6 /* CoreMedia.framework in Frameworks */,
				D3D2F46B1ACF4025008CE3F6 /* CoreMotion.framework in Frameworks */,
				1D60589F0D05DD5A006BFB54 /* Foundation.framework in Frameworks */,
				D3D2F4BD1ACF6597008CE3F6 /* MediaPlayer.framework in Frameworks */,
				D3D2F4C91ACF67BD008CE3F6 /* MessageUI.framework in Frameworks */,
				D3D2F47A1ACF4099008CE3F6 /* MoSDK.framework in Frameworks */,
				D44C620C132DFF330009C878 /* OpenAL.framework in Frameworks */,
				BF171245129291EC00B8313A /* OpenGLES.framework in Frameworks */,
				BF1C47F01293687400B63C5D /* QuartzCore.framework in Frameworks */,
				D3D2F4CA1ACF681F008CE3F6 /* Security.framework in Frameworks */,
				D3D2F4C71ACF6794008CE3F6 /* StoreKit.framework in Frameworks */,
				D3D2F4BF1ACF65CA008CE3F6 /* SystemConfiguration.framework in Frameworks */,
				1DF5F4E00D08C38300B7A737 /* UIKit.framework in Frameworks */,
				BF1712471292920000B8313A /* libz.dylib in Frameworks */,
				D3D2F4C11ACF65E8008CE3F6 /* libsqlite3.dylib in Frameworks */,
				D3D2F4691ACF3159008CE3F6 /* libcocos2d.a in Frameworks */,
			);
			runOnlyForDeploymentPostprocessing = 0;
		};
/* End PBXFrameworksBuildPhase section */

/* Begin PBXGroup section */
		19C28FACFE9D520D11CA2CBB /* Products */ = {
			isa = PBXGroup;
			children = (
				1D6058910D05DD3D006BFB54 /* Sample IOS.app */,
			);
			name = Products;
			sourceTree = "<group>";
		};
		29B97314FDCFA39411CA2CEA /* CustomTemplate */ = {
			isa = PBXGroup;
			children = (
				D3D2F4AB1ACF6120008CE3F6 /* AppDelegate.h */,
				D3D2F4AA1ACF6120008CE3F6 /* AppDelegate.cpp */,
				D3D2F4A81ACF6120008CE3F6 /* AppController.h */,
				D3D2F4A91ACF6120008CE3F6 /* AppController.mm */,
				D3D2F4B21ACF6120008CE3F6 /* RootViewController.h */,
				D3D2F4B31ACF6120008CE3F6 /* RootViewController.mm */,
				D3D2F4AD1ACF6120008CE3F6 /* HelloWorldScene.h */,
				D3D2F4AC1ACF6120008CE3F6 /* HelloWorldScene.cpp */,
				D3D2F4AF1ACF6120008CE3F6 /* MoSDKAdaptor.h */,
				D3D2F4B01ACF6120008CE3F6 /* MoSDKAdaptor.mm */,
				D3D2F4B11ACF6120008CE3F6 /* Prefix.pch */,
				D3D2F4AE1ACF6120008CE3F6 /* main.m */,
				46880B7519C43A67006E1F66 /* Resources */,
				29B97323FDCFA39411CA2CEA /* Frameworks */,
				D3D2F4911ACF40E7008CE3F6 /* MoSDK.EmbeddedFramework */,
				19C28FACFE9D520D11CA2CBB /* Products */,
			);
			name = CustomTemplate;
			sourceTree = "<group>";
		};
		29B97323FDCFA39411CA2CEA /* Frameworks */ = {
			isa = PBXGroup;
			children = (
				D3D2F4D91ACF774E008CE3F6 /* GameController.framework */,
				D3D2F4CD1ACF6872008CE3F6 /* AdSupport.framework */,
				D3D2F4CB1ACF6853008CE3F6 /* CoreMedia.framework */,
				D3D2F4C81ACF67BD008CE3F6 /* MessageUI.framework */,
				D3D2F4C61ACF6794008CE3F6 /* StoreKit.framework */,
				D3D2F4C41ACF6729008CE3F6 /* CoreFoundation.framework */,
				D3D2F4C21ACF66F1008CE3F6 /* CFNetwork.framework */,
				D3D2F4C01ACF65E8008CE3F6 /* libsqlite3.dylib */,
				D3D2F4BE1ACF65CA008CE3F6 /* SystemConfiguration.framework */,
				D3D2F4BC1ACF6597008CE3F6 /* MediaPlayer.framework */,
				D3D2F4681ACF3159008CE3F6 /* libcocos2d.a */,
				BF170DB412928DE900B8313A /* libz.dylib */,
				D3D2F46A1ACF4025008CE3F6 /* CoreMotion.framework */,
				8262943D1AAF051F00CB7CF7 /* Security.framework */,
				503AE11A17EB9C5A00D1A890 /* IOKit.framework */,
				D44C620F132DFF4E0009C878 /* AudioToolbox.framework */,
				D44C620D132DFF430009C878 /* AVFoundation.framework */,
				288765A40DF7441C002DB57D /* CoreGraphics.framework */,
				1D30AB110D05D00D00671497 /* Foundation.framework */,
				D44C620B132DFF330009C878 /* OpenAL.framework */,
				BF170DB012928DE900B8313A /* OpenGLES.framework */,
				BF1C47EA1293683800B63C5D /* QuartzCore.framework */,
				1DF5F4DF0D08C38300B7A737 /* UIKit.framework */,
			);
			name = Frameworks;
			sourceTree = "<group>";
		};
		46880B7519C43A67006E1F66 /* Resources */ = {
			isa = PBXGroup;
			children = (
				D3C791F21ACEDB5100C57CE8 /* fonts */,
				D3C791F01ACEDB5100C57CE8 /* CloseNormal.png */,
				D3C791F11ACEDB5100C57CE8 /* CloseSelected.png */,
				D3C791F51ACEDB5100C57CE8 /* HelloWorld.png */,
				D3D2F4BA1ACF61A4008CE3F6 /* Default-568h@2x.png */,
			);
			name = Resources;
			path = ../Resources;
			sourceTree = "<group>";
		};
		D3C791F21ACEDB5100C57CE8 /* fonts */ = {
			isa = PBXGroup;
			children = (
				D3C791F31ACEDB5100C57CE8 /* arial.ttf */,
				D3C791F41ACEDB5100C57CE8 /* Marker Felt.ttf */,
			);
			name = fonts;
			path = Resources/fonts;
			sourceTree = SOURCE_ROOT;
		};
		D3D2F47B1ACF40B1008CE3F6 /* Resources */ = {
			isa = PBXGroup;
			children = (
				D3D2F47C1ACF40B1008CE3F6 /* __vungle.db */,
				D3D2F47D1ACF40B1008CE3F6 /* AppliftAds.nib */,
				D3D2F47E1ACF40B1008CE3F6 /* AppliftAds_template.html */,
				D3D2F47F1ACF40B1008CE3F6 /* MoSDKResource.plist */,
				D3D2F4801ACF40B1008CE3F6 /* PlayAds.bundle */,
				D3D2F4811ACF40B1008CE3F6 /* vg_close.png */,
				D3D2F4821ACF40B1008CE3F6 /* vg_cta.png */,
				D3D2F4831ACF40B1008CE3F6 /* vg_mute_off.png */,
				D3D2F4841ACF40B1008CE3F6 /* vg_mute_on.png */,
				D3D2F4851ACF40B1008CE3F6 /* vg_timer.png */,
			);
			name = Resources;
			path = MoSDK.EmbeddedFramework/Resources;
			sourceTree = "<group>";
		};
		D3D2F4911ACF40E7008CE3F6 /* MoSDK.EmbeddedFramework */ = {
			isa = PBXGroup;
			children = (
				D3D2F4791ACF4099008CE3F6 /* MoSDK.framework */,
				D3D2F47B1ACF40B1008CE3F6 /* Resources */,
			);
			name = MoSDK.EmbeddedFramework;
			sourceTree = "<group>";
		};
/* End PBXGroup section */

/* Begin PBXNativeTarget section */
		1D6058900D05DD3D006BFB54 /* Sample IOS */ = {
			isa = PBXNativeTarget;
			buildConfigurationList = 1D6058960D05DD3E006BFB54 /* Build configuration list for PBXNativeTarget "Sample IOS" */;
			buildPhases = (
				1D60588D0D05DD3D006BFB54 /* Resources */,
				1D60588E0D05DD3D006BFB54 /* Sources */,
				1D60588F0D05DD3D006BFB54 /* Frameworks */,
			);
			buildRules = (
			);
			dependencies = (
			);
			name = "Sample IOS";
			productName = iphone;
			productReference = 1D6058910D05DD3D006BFB54 /* Sample IOS.app */;
			productType = "com.apple.product-type.application";
		};
/* End PBXNativeTarget section */

/* Begin PBXProject section */
		29B97313FDCFA39411CA2CEA /* Project object */ = {
			isa = PBXProject;
			attributes = {
				LastUpgradeCheck = 0500;
				TargetAttributes = {
					1D6058900D05DD3D006BFB54 = {
						DevelopmentTeam = KYZ3JMTPD9;
					};
				};
			};
			buildConfigurationList = C01FCF4E08A954540054247B /* Build configuration list for PBXProject "Sample" */;
			compatibilityVersion = "Xcode 3.2";
			developmentRegion = English;
			hasScannedForEncodings = 1;
			knownRegions = (
				English,
				Japanese,
				French,
				German,
			);
			mainGroup = 29B97314FDCFA39411CA2CEA /* CustomTemplate */;
			projectDirPath = "";
			projectRoot = "";
			targets = (
				1D6058900D05DD3D006BFB54 /* Sample IOS */,
			);
		};
/* End PBXProject section */

/* Begin PBXResourcesBuildPhase section */
		1D60588D0D05DD3D006BFB54 /* Resources */ = {
			isa = PBXResourcesBuildPhase;
			buildActionMask = 2147483647;
			files = (
				D3C791F81ACEDB5100C57CE8 /* CloseNormal.png in Resources */,
				D3D2F4861ACF40B1008CE3F6 /* __vungle.db in Resources */,
				D3D2F48F1ACF40B1008CE3F6 /* vg_timer.png in Resources */,
				D3D2F48B1ACF40B1008CE3F6 /* vg_close.png in Resources */,
				D3D2F4881ACF40B1008CE3F6 /* AppliftAds_template.html in Resources */,
				D3C791FB1ACEDB5100C57CE8 /* Marker Felt.ttf in Resources */,
				D3C791F91ACEDB5100C57CE8 /* CloseSelected.png in Resources */,
				D3D2F48D1ACF40B1008CE3F6 /* vg_mute_off.png in Resources */,
				D3D2F48E1ACF40B1008CE3F6 /* vg_mute_on.png in Resources */,
				D3D2F4871ACF40B1008CE3F6 /* AppliftAds.nib in Resources */,
				D3C791FA1ACEDB5100C57CE8 /* arial.ttf in Resources */,
				D3D2F4891ACF40B1008CE3F6 /* MoSDKResource.plist in Resources */,
				D3D2F48C1ACF40B1008CE3F6 /* vg_cta.png in Resources */,
				D3D2F4BB1ACF61A4008CE3F6 /* Default-568h@2x.png in Resources */,
				D3D2F48A1ACF40B1008CE3F6 /* PlayAds.bundle in Resources */,
				D3C791FC1ACEDB5100C57CE8 /* HelloWorld.png in Resources */,
			);
			runOnlyForDeploymentPostprocessing = 0;
		};
/* End PBXResourcesBuildPhase section */

/* Begin PBXSourcesBuildPhase section */
		1D60588E0D05DD3D006BFB54 /* Sources */ = {
			isa = PBXSourcesBuildPhase;
			buildActionMask = 2147483647;
			files = (
				D3D2F4B51ACF6120008CE3F6 /* AppDelegate.cpp in Sources */,
				D3D2F4B41ACF6120008CE3F6 /* AppController.mm in Sources */,
				D3D2F4B81ACF6120008CE3F6 /* MoSDKAdaptor.mm in Sources */,
				D3D2F4B71ACF6120008CE3F6 /* main.m in Sources */,
				D3D2F4B91ACF6120008CE3F6 /* RootViewController.mm in Sources */,
				D3D2F4B61ACF6120008CE3F6 /* HelloWorldScene.cpp in Sources */,
			);
			runOnlyForDeploymentPostprocessing = 0;
		};
/* End PBXSourcesBuildPhase section */

/* Begin XCBuildConfiguration section */
		1D6058940D05DD3E006BFB54 /* Debug */ = {
			isa = XCBuildConfiguration;
			buildSettings = {
				ALWAYS_SEARCH_USER_PATHS = NO;
				CODE_SIGN_IDENTITY = "iPhone Developer";
				COMPRESS_PNG_FILES = NO;
				FRAMEWORK_SEARCH_PATHS = (
					"$(inherited)",
					"$(PROJECT_DIR)/MoSDK.EmbeddedFramework",
				);
				GCC_DYNAMIC_NO_PIC = NO;
				GCC_INLINES_ARE_PRIVATE_EXTERN = NO;
				GCC_PRECOMPILE_PREFIX_HEADER = YES;
				GCC_PREFIX_HEADER = Sample/Prefix.pch;
				GCC_PREPROCESSOR_DEFINITIONS = (
					USE_FILE32API,
					CC_TARGET_OS_IPHONE,
					"COCOS2D_DEBUG=1",
					"CC_ENABLE_CHIPMUNK_INTEGRATION=1",
				);
				GCC_SYMBOLS_PRIVATE_EXTERN = NO;
				HEADER_SEARCH_PATHS = (
					"$(inherited)",
					"$(SRCROOT)/libcocos/include",
				);
				INFOPLIST_FILE = Sample/Info.plist;
				IPHONEOS_DEPLOYMENT_TARGET = 5.0;
				LIBRARY_SEARCH_PATHS = "$(PROJECT_DIR)/libcocos";
				TARGETED_DEVICE_FAMILY = "1,2";
				USER_HEADER_SEARCH_PATHS = "$(_COCOS_HEADER_IOS_BEGIN) $(_COCOS_HEADER_IOS_END)";
			};
			name = Debug;
		};
		1D6058950D05DD3E006BFB54 /* Release */ = {
			isa = XCBuildConfiguration;
			buildSettings = {
				ALWAYS_SEARCH_USER_PATHS = NO;
				CODE_SIGN_IDENTITY = "iPhone Developer";
				COMPRESS_PNG_FILES = NO;
				FRAMEWORK_SEARCH_PATHS = (
					"$(inherited)",
					"$(PROJECT_DIR)/MoSDK.EmbeddedFramework",
				);
				GCC_INLINES_ARE_PRIVATE_EXTERN = NO;
				GCC_PRECOMPILE_PREFIX_HEADER = YES;
				GCC_PREFIX_HEADER = Sample/Prefix.pch;
				GCC_PREPROCESSOR_DEFINITIONS = (
					USE_FILE32API,
					CC_TARGET_OS_IPHONE,
					"CC_ENABLE_CHIPMUNK_INTEGRATION=1",
				);
				GCC_SYMBOLS_PRIVATE_EXTERN = NO;
				HEADER_SEARCH_PATHS = (
					"$(inherited)",
					"$(SRCROOT)/libcocos/include",
				);
				INFOPLIST_FILE = Sample/Info.plist;
				IPHONEOS_DEPLOYMENT_TARGET = 5.0;
				LIBRARY_SEARCH_PATHS = "$(PROJECT_DIR)/libcocos";
				TARGETED_DEVICE_FAMILY = "1,2";
				USER_HEADER_SEARCH_PATHS = "$(_COCOS_HEADER_IOS_BEGIN) $(_COCOS_HEADER_IOS_END)";
			};
			name = Release;
		};
		C01FCF4F08A954540054247B /* Debug */ = {
			isa = XCBuildConfiguration;
			buildSettings = {
				CLANG_CXX_LANGUAGE_STANDARD = "c++0x";
				CLANG_CXX_LIBRARY = "libc++";
				COPY_PHASE_STRIP = NO;
				FRAMEWORK_SEARCH_PATHS = "$(inherited)";
				GCC_OPTIMIZATION_LEVEL = 0;
				GCC_PRECOMPILE_PREFIX_HEADER = YES;
				GCC_PREFIX_HEADER = sample/Prefix.pch;
				GCC_WARN_ABOUT_RETURN_TYPE = YES;
				GCC_WARN_UNUSED_VARIABLE = YES;
				HEADER_SEARCH_PATHS = (
					"$(inherited)",
					/Applications/Xcode.app/Contents/Developer/Toolchains/XcodeDefault.xctoolchain/usr/include,
				);
				MACOSX_DEPLOYMENT_TARGET = 10.7;
				ONLY_ACTIVE_ARCH = YES;
				OTHER_LDFLAGS = "-ObjC";
				PRODUCT_NAME = "$(TARGET_NAME)";
				SDKROOT = iphoneos;
			};
			name = Debug;
		};
		C01FCF5008A954540054247B /* Release */ = {
			isa = XCBuildConfiguration;
			buildSettings = {
				CLANG_CXX_LANGUAGE_STANDARD = "c++0x";
				CLANG_CXX_LIBRARY = "libc++";
				FRAMEWORK_SEARCH_PATHS = "$(inherited)";
				GCC_PRECOMPILE_PREFIX_HEADER = YES;
				GCC_PREFIX_HEADER = sample/Prefix.pch;
				GCC_WARN_ABOUT_RETURN_TYPE = YES;
				GCC_WARN_UNUSED_VARIABLE = YES;
				HEADER_SEARCH_PATHS = (
					"$(inherited)",
					/Applications/Xcode.app/Contents/Developer/Toolchains/XcodeDefault.xctoolchain/usr/include,
				);
				MACOSX_DEPLOYMENT_TARGET = 10.7;
				OTHER_CFLAGS = "-DNS_BLOCK_ASSERTIONS=1";
				OTHER_LDFLAGS = "-ObjC";
				PRODUCT_NAME = "$(TARGET_NAME)";
				SDKROOT = iphoneos;
				VALIDATE_PRODUCT = YES;
			};
			name = Release;
		};
/* End XCBuildConfiguration section */

/* Begin XCConfigurationList section */
		1D6058960D05DD3E006BFB54 /* Build configuration list for PBXNativeTarget "Sample IOS" */ = {
			isa = XCConfigurationList;
			buildConfigurations = (
				1D6058940D05DD3E006BFB54 /* Debug */,
				1D6058950D05DD3E006BFB54 /* Release */,
			);
			defaultConfigurationIsVisible = 0;
			defaultConfigurationName = Debug;
		};
		C01FCF4E08A954540054247B /* Build configuration list for PBXProject "Sample" */ = {
			isa = XCConfigurationList;
			buildConfigurations = (
				C01FCF4F08A954540054247B /* Debug */,
				C01FCF5008A954540054247B /* Release */,
			);
			defaultConfigurationIsVisible = 0;
			defaultConfigurationName = Debug;
		};
/* End XCConfigurationList section */
	};
	rootObject = 29B97313FDCFA39411CA2CEA /* Project object */;
}
